
Microsoft Visual Studio Solution File, Format Version 12.00
# Visual Studio Version 17
VisualStudioVersion = 17.6.33801.468
MinimumVisualStudioVersion = 10.0.40219.1
Project("{FAE04EC0-301F-11D3-BF4B-00C04F79EFBC}") = "FunctionalProgrammingExample", "FunctionalProgrammingExample\FunctionalProgrammingExample.csproj", "{2194F427-929C-431E-863B-E7D005F4F185}"
EndProject
Global
	GlobalSection(SolutionConfigurationPlatforms) = preSolution
		Debug|Any CPU = Debug|Any CPU
		Release|Any CPU = Release|Any CPU
	EndGlobalSection
	GlobalSection(ProjectConfigurationPlatforms) = postSolution
		{2194F427-929C-431E-863B-E7D005F4F185}.Debug|Any CPU.ActiveCfg = Debug|Any CPU
		{2194F427-929C-431E-863B-E7D005F4F185}.Debug|Any CPU.Build.0 = Debug|Any CPU
		{2194F427-929C-431E-863B-E7D005F4F185}.Release|Any CPU.ActiveCfg = Release|Any CPU
		{2194F427-929C-431E-863B-E7D005F4F185}.Release|Any CPU.Build.0 = Release|Any CPU
	EndGlobalSection
	GlobalSection(SolutionProperties) = preSolution
		HideSolutionNode = FALSE
	EndGlobalSection
	GlobalSection(ExtensibilityGlobals) = postSolution
		SolutionGuid = {ABF2344B-2761-43C1-97BE-A6197B284CA8}
	EndGlobalSection
EndGlobal
